
Microsoft Visual Studio Solution File, Format Version 12.00
# Visual Studio 15
VisualStudioVersion = 15.0.28307.102
MinimumVisualStudioVersion = 10.0.40219.1
Project("{FAE04EC0-301F-11D3-BF4B-00C04F79EFBC}") = "Juego", "Juego\Juego.csproj", "{5AECB7A6-4E35-4D43-9B35-D3BC7ADACF07}"
EndProject
Global
	GlobalSection(SolutionConfigurationPlatforms) = preSolution
		Debug|Any CPU = Debug|Any CPU
		Release|Any CPU = Release|Any CPU
	EndGlobalSection
	GlobalSection(ProjectConfigurationPlatforms) = postSolution
		{5AECB7A6-4E35-4D43-9B35-D3BC7ADACF07}.Debug|Any CPU.ActiveCfg = Debug|Any CPU
		{5AECB7A6-4E35-4D43-9B35-D3BC7ADACF07}.Debug|Any CPU.Build.0 = Debug|Any CPU
		{5AECB7A6-4E35-4D43-9B35-D3BC7ADACF07}.Release|Any CPU.ActiveCfg = Release|Any CPU
		{5AECB7A6-4E35-4D43-9B35-D3BC7ADACF07}.Release|Any CPU.Build.0 = Release|Any CPU
	EndGlobalSection
	GlobalSection(SolutionProperties) = preSolution
		HideSolutionNode = FALSE
	EndGlobalSection
	GlobalSection(ExtensibilityGlobals) = postSolution
		SolutionGuid = {4C5E045F-5897-4685-9049-E5BA50F19D67}
	EndGlobalSection
EndGlobal
